
Microsoft Visual Studio Solution File, Format Version 12.00
# Visual Studio 15
VisualStudioVersion = 15.0.28010.2046
MinimumVisualStudioVersion = 10.0.40219.1
Project("{FAE04EC0-301F-11D3-BF4B-00C04F79EFBC}") = "CartMain", "CartMain\CartMain.csproj", "{DED2983D-92FE-477B-AC5E-F5047C3CB9F5}"
EndProject
Project("{FAE04EC0-301F-11D3-BF4B-00C04F79EFBC}") = "Carts", "Cart\Carts.csproj", "{9E229AAD-16F3-4919-BCC7-2565BD8E2571}"
EndProject
Global
	GlobalSection(SolutionConfigurationPlatforms) = preSolution
		Debug|Any CPU = Debug|Any CPU
		Release|Any CPU = Release|Any CPU
	EndGlobalSection
	GlobalSection(ProjectConfigurationPlatforms) = postSolution
		{DED2983D-92FE-477B-AC5E-F5047C3CB9F5}.Debug|Any CPU.ActiveCfg = Debug|Any CPU
		{DED2983D-92FE-477B-AC5E-F5047C3CB9F5}.Debug|Any CPU.Build.0 = Debug|Any CPU
		{DED2983D-92FE-477B-AC5E-F5047C3CB9F5}.Release|Any CPU.ActiveCfg = Release|Any CPU
		{DED2983D-92FE-477B-AC5E-F5047C3CB9F5}.Release|Any CPU.Build.0 = Release|Any CPU
		{9E229AAD-16F3-4919-BCC7-2565BD8E2571}.Debug|Any CPU.ActiveCfg = Debug|Any CPU
		{9E229AAD-16F3-4919-BCC7-2565BD8E2571}.Debug|Any CPU.Build.0 = Debug|Any CPU
		{9E229AAD-16F3-4919-BCC7-2565BD8E2571}.Release|Any CPU.ActiveCfg = Release|Any CPU
		{9E229AAD-16F3-4919-BCC7-2565BD8E2571}.Release|Any CPU.Build.0 = Release|Any CPU
	EndGlobalSection
	GlobalSection(SolutionProperties) = preSolution
		HideSolutionNode = FALSE
	EndGlobalSection
	GlobalSection(ExtensibilityGlobals) = postSolution
		SolutionGuid = {401A002F-733D-44ED-AEF6-8AA562FD230C}
	EndGlobalSection
EndGlobal
